PODS:
  - Flutter (1.0.0)
  - FlutterPluginRegistrant (0.0.1):
    - Flutter
  - FMDB (2.7.5):
    - FMDB/standard (= 2.7.5)
  - FMDB/standard (2.7.5)

DEPENDENCIES:
  - Flutter (from `../flutter_car_price_calculator/.ios/Flutter`)
  - FlutterPluginRegistrant (from `../flutter_car_price_calculator/.ios/Flutter/FlutterPluginRegistrant`)
  - FMDB

SPEC REPOS:
  trunk:
    - FMDB

EXTERNAL SOURCES:
  Flutter:
    :path: "../flutter_car_price_calculator/.ios/Flutter"
  FlutterPluginRegistrant:
    :path: "../flutter_car_price_calculator/.ios/Flutter/FlutterPluginRegistrant"

SPEC CHECKSUMS:
  Flutter: f04841e97a9d0b0a8025694d0796dd46242b2854
  FlutterPluginRegistrant: 58acfb6cb31ee4ca14f920aba101815efda113ee
  FMDB: 2ce00b547f966261cd18927a3ddb07cb6f3db82a

PODFILE CHECKSUM: a8a4cf40181b5fa8a3e422ffd93131a6c2eeb7a1

COCOAPODS: 1.12.1
